
Microsoft Visual Studio Solution File, Format Version 12.00
# Visual Studio Version 16
VisualStudioVersion = 16.0.31129.286
MinimumVisualStudioVersion = 10.0.40219.1
Project("{8BC9CEB8-8B4A-11D0-8D11-00A0C91BC942}") = "Vulkan Test", "Vulkan Test\Vulkan Test.vcxproj", "{EBB95EA7-300F-4FD6-88FE-172304A0BC4E}"
EndProject
Project("{8BC9CEB8-8B4A-11D0-8D11-00A0C91BC942}") = "HelloTriangle", "HelloTriangle\HelloTriangle.vcxproj", "{4028533F-CC4D-4CA1-B245-F679EC25C1BE}"
EndProject
Global
	GlobalSection(SolutionConfigurationPlatforms) = preSolution
		Debug|x64 = Debug|x64
		Debug|x86 = Debug|x86
		Release|x64 = Release|x64
		Release|x86 = Release|x86
	EndGlobalSection
	GlobalSection(ProjectConfigurationPlatforms) = postSolution
		{EBB95EA7-300F-4FD6-88FE-172304A0BC4E}.Debug|x64.ActiveCfg = Debug|x64
		{EBB95EA7-300F-4FD6-88FE-172304A0BC4E}.Debug|x64.Build.0 = Debug|x64
		{EBB95EA7-300F-4FD6-88FE-172304A0BC4E}.Debug|x86.ActiveCfg = Debug|Win32
		{EBB95EA7-300F-4FD6-88FE-172304A0BC4E}.Debug|x86.Build.0 = Debug|Win32
		{EBB95EA7-300F-4FD6-88FE-172304A0BC4E}.Release|x64.ActiveCfg = Release|x64
		{EBB95EA7-300F-4FD6-88FE-172304A0BC4E}.Release|x64.Build.0 = Release|x64
		{EBB95EA7-300F-4FD6-88FE-172304A0BC4E}.Release|x86.ActiveCfg = Release|Win32
		{EBB95EA7-300F-4FD6-88FE-172304A0BC4E}.Release|x86.Build.0 = Release|Win32
		{4028533F-CC4D-4CA1-B245-F679EC25C1BE}.Debug|x64.ActiveCfg = Debug|x64
		{4028533F-CC4D-4CA1-B245-F679EC25C1BE}.Debug|x64.Build.0 = Debug|x64
		{4028533F-CC4D-4CA1-B245-F679EC25C1BE}.Debug|x86.ActiveCfg = Debug|Win32
		{4028533F-CC4D-4CA1-B245-F679EC25C1BE}.Debug|x86.Build.0 = Debug|Win32
		{4028533F-CC4D-4CA1-B245-F679EC25C1BE}.Release|x64.ActiveCfg = Release|x64
		{4028533F-CC4D-4CA1-B245-F679EC25C1BE}.Release|x64.Build.0 = Release|x64
		{4028533F-CC4D-4CA1-B245-F679EC25C1BE}.Release|x86.ActiveCfg = Release|Win32
		{4028533F-CC4D-4CA1-B245-F679EC25C1BE}.Release|x86.Build.0 = Release|Win32
	EndGlobalSection
	GlobalSection(SolutionProperties) = preSolution
		HideSolutionNode = FALSE
	EndGlobalSection
	GlobalSection(ExtensibilityGlobals) = postSolution
		SolutionGuid = {B6AC7EE8-A040-44EE-B4E8-6C6CBC57B940}
	EndGlobalSection
EndGlobal
